{
    "requires": true,
    "lockfileVersion": 1,
    "dependencies": {
        "es6-object-assign": {
            "version": "1.1.0",
            "resolved": "https://registry.npmjs.org/es6-object-assign/-/es6-object-assign-1.1.0.tgz",
            "integrity": "sha1-wsNYJlYkfDnqEHyx5mUrb58kUjw=",
            "dev": true
        },
        "jquery.repeater": {
            "version": "1.2.1",
            "resolved": "https://registry.npmjs.org/jquery.repeater/-/jquery.repeater-1.2.1.tgz",
            "integrity": "sha1-6ihKaTdL9EeNwuYK9ecFsWnLFRQ="
        },
        "laravel-echo": {
            "version": "1.5.4",
            "resolved": "https://registry.npmjs.org/laravel-echo/-/laravel-echo-1.5.4.tgz",
            "integrity": "sha512-FTfgLQopGTPxIthYqFLbaZQ14kDuRH0AJa7N7HJNmWM5zJ4/qtZcP6zsfvATGazF+5Sr0M7IWgtF+OaNIUHqcw=="
        },
        "promise-polyfill": {
            "version": "6.1.0",
            "resolved": "https://registry.npmjs.org/promise-polyfill/-/promise-polyfill-6.1.0.tgz",
            "integrity": "sha1-36lpQ+qcEh/KTem1hoyznTRy4Fc=",
            "dev": true
        },
        "pusher-js": {
            "version": "5.0.1",
            "resolved": "https://registry.npmjs.org/pusher-js/-/pusher-js-5.0.1.tgz",
            "integrity": "sha512-w5vucT2VjgOWMZgqGCFwrmNp68Qfct3Dd/4eOigx5f1eWEJq3DJTKYygNcENmZmC3DtlVxShq2ybASVg8yH27w=="
        },
        "sweetalert": {
            "version": "2.0.8",
            "resolved": "https://registry.npmjs.org/sweetalert/-/sweetalert-2.0.8.tgz",
            "integrity": "sha512-43/9dVMDV9ppoMpSAdGpwY3AIF2ACupDWIxqqnhr/OQBYQTVUapK2bb8ex41Y9rbOWNkFWyPBmdqVCJfHdUeew==",
            "dev": true,
            "requires": {
                "es6-object-assign": "^1.1.0",
                "promise-polyfill": "^6.0.2"
            }
        }
    }
}
